// !$*UTF8*$!
{
	archiveVersion = 1;
	classes = {
	};
	objectVersion = 46;
	objects = {

/* Begin PBXBuildFile section */
		17B17A088F75201396E63662 /* Pods_EffortlessAndSecureBanking.framework in Frameworks */ = {isa = PBXBuildFile; fileRef = 880A56E8998E73A20323679A /* Pods_EffortlessAndSecureBanking.framework */; };
		900106E11C6A4015009A5D2B /* AppDelegate.swift in Sources */ = {isa = PBXBuildFile; fileRef = 900106E01C6A4015009A5D2B /* AppDelegate.swift */; };
		900106E31C6A4015009A5D2B /* ViewController.swift in Sources */ = {isa = PBXBuildFile; fileRef = 900106E21C6A4015009A5D2B /* ViewController.swift */; };
		900106E61C6A4015009A5D2B /* Main.storyboard in Resources */ = {isa = PBXBuildFile; fileRef = 900106E41C6A4015009A5D2B /* Main.storyboard */; };
		900106E81C6A4015009A5D2B /* Assets.xcassets in Resources */ = {isa = PBXBuildFile; fileRef = 900106E71C6A4015009A5D2B /* Assets.xcassets */; };
		900106EB1C6A4015009A5D2B /* LaunchScreen.storyboard in Resources */ = {isa = PBXBuildFile; fileRef = 900106E91C6A4015009A5D2B /* LaunchScreen.storyboard */; };
		900106F61C6A4015009A5D2B /* EffortlessAndSecureBankingTests.swift in Sources */ = {isa = PBXBuildFile; fileRef = 900106F51C6A4015009A5D2B /* EffortlessAndSecureBankingTests.swift */; };
		900107011C6A4015009A5D2B /* EffortlessAndSecureBankingUITests.swift in Sources */ = {isa = PBXBuildFile; fileRef = 900107001C6A4015009A5D2B /* EffortlessAndSecureBankingUITests.swift */; };
		900107101C6A4125009A5D2B /* HomeViewController.swift in Sources */ = {isa = PBXBuildFile; fileRef = 9001070E1C6A4125009A5D2B /* HomeViewController.swift */; };
		900107111C6A4125009A5D2B /* HomeViewController.xib in Resources */ = {isa = PBXBuildFile; fileRef = 9001070F1C6A4125009A5D2B /* HomeViewController.xib */; };
		900107141C6A4506009A5D2B /* PasswordViewController.swift in Sources */ = {isa = PBXBuildFile; fileRef = 900107121C6A4506009A5D2B /* PasswordViewController.swift */; };
		900107151C6A4506009A5D2B /* PasswordViewController.xib in Resources */ = {isa = PBXBuildFile; fileRef = 900107131C6A4506009A5D2B /* PasswordViewController.xib */; };
		900107171C6BD41D009A5D2B /* LocalAuthentication.framework in Frameworks */ = {isa = PBXBuildFile; fileRef = 900107161C6BD41D009A5D2B /* LocalAuthentication.framework */; };
		901137B91CC847D20083C9D1 /* WelcomeViewController.swift in Sources */ = {isa = PBXBuildFile; fileRef = 901137B71CC847D20083C9D1 /* WelcomeViewController.swift */; };
		901137BA1CC847D20083C9D1 /* WelcomeViewController.xib in Resources */ = {isa = PBXBuildFile; fileRef = 901137B81CC847D20083C9D1 /* WelcomeViewController.xib */; };
		901137C41CC8851D0083C9D1 /* Alamofire.framework in Frameworks */ = {isa = PBXBuildFile; fileRef = 901137C31CC8851D0083C9D1 /* Alamofire.framework */; };
		901137C61CC885220083C9D1 /* CryptoSwift.framework in Frameworks */ = {isa = PBXBuildFile; fileRef = 901137C51CC885220083C9D1 /* CryptoSwift.framework */; };
		901137C81CC885250083C9D1 /* SwiftyJSON.framework in Frameworks */ = {isa = PBXBuildFile; fileRef = 901137C71CC885250083C9D1 /* SwiftyJSON.framework */; };
		906E7FA81CBFFBDC0014C911 /* CoreLocation.framework in Frameworks */ = {isa = PBXBuildFile; fileRef = 906E7FA71CBFFBDC0014C911 /* CoreLocation.framework */; };
/* End PBXBuildFile section */

/* Begin PBXContainerItemProxy section */
		900106F21C6A4015009A5D2B /* PBXContainerItemProxy */ = {
			isa = PBXContainerItemProxy;
			containerPortal = 900106D51C6A4015009A5D2B /* Project object */;
			proxyType = 1;
			remoteGlobalIDString = 900106DC1C6A4015009A5D2B;
			remoteInfo = EffortlessAndSecureBanking;
		};
		900106FD1C6A4015009A5D2B /* PBXContainerItemProxy */ = {
			isa = PBXContainerItemProxy;
			containerPortal = 900106D51C6A4015009A5D2B /* Project object */;
			proxyType = 1;
			remoteGlobalIDString = 900106DC1C6A4015009A5D2B;
			remoteInfo = EffortlessAndSecureBanking;
		};
/* End PBXContainerItemProxy section */

/* Begin PBXFileReference section */
		880A56E8998E73A20323679A /* Pods_EffortlessAndSecureBanking.framework */ = {isa = PBXFileReference; explicitFileType = wrapper.framework; includeInIndex = 0; path = Pods_EffortlessAndSecureBanking.framework; sourceTree = BUILT_PRODUCTS_DIR; };
		900106DD1C6A4015009A5D2B /* EffortlessAndSecureBanking.app */ = {isa = PBXFileReference; explicitFileType = wrapper.application; includeInIndex = 0; path = EffortlessAndSecureBanking.app; sourceTree = BUILT_PRODUCTS_DIR; };
		900106E01C6A4015009A5D2B /* AppDelegate.swift */ = {isa = PBXFileReference; lastKnownFileType = sourcecode.swift; path = AppDelegate.swift; sourceTree = "<group>"; };
		900106E21C6A4015009A5D2B /* ViewController.swift */ = {isa = PBXFileReference; lastKnownFileType = sourcecode.swift; path = ViewController.swift; sourceTree = "<group>"; };
		900106E51C6A4015009A5D2B /* Base */ = {isa = PBXFileReference; lastKnownFileType = file.storyboard; name = Base; path = Base.lproj/Main.storyboard; sourceTree = "<group>"; };
		900106E71C6A4015009A5D2B /* Assets.xcassets */ = {isa = PBXFileReference; lastKnownFileType = folder.assetcatalog; path = Assets.xcassets; sourceTree = "<group>"; };
		900106EA1C6A4015009A5D2B /* Base */ = {isa = PBXFileReference; lastKnownFileType = file.storyboard; name = Base; path = Base.lproj/LaunchScreen.storyboard; sourceTree = "<group>"; };
		900106EC1C6A4015009A5D2B /* Info.plist */ = {isa = PBXFileReference; lastKnownFileType = text.plist.xml; path = Info.plist; sourceTree = "<group>"; };
		900106F11C6A4015009A5D2B /* EffortlessAndSecureBankingTests.xctest */ = {isa = PBXFileReference; explicitFileType = wrapper.cfbundle; includeInIndex = 0; path = EffortlessAndSecureBankingTests.xctest; sourceTree = BUILT_PRODUCTS_DIR; };
		900106F51C6A4015009A5D2B /* EffortlessAndSecureBankingTests.swift */ = {isa = PBXFileReference; lastKnownFileType = sourcecode.swift; path = EffortlessAndSecureBankingTests.swift; sourceTree = "<group>"; };
		900106F71C6A4015009A5D2B /* Info.plist */ = {isa = PBXFileReference; lastKnownFileType = text.plist.xml; path = Info.plist; sourceTree = "<group>"; };
		900106FC1C6A4015009A5D2B /* EffortlessAndSecureBankingUITests.xctest */ = {isa = PBXFileReference; explicitFileType = wrapper.cfbundle; includeInIndex = 0; path = EffortlessAndSecureBankingUITests.xctest; sourceTree = BUILT_PRODUCTS_DIR; };
		900107001C6A4015009A5D2B /* EffortlessAndSecureBankingUITests.swift */ = {isa = PBXFileReference; lastKnownFileType = sourcecode.swift; path = EffortlessAndSecureBankingUITests.swift; sourceTree = "<group>"; };
		900107021C6A4015009A5D2B /* Info.plist */ = {isa = PBXFileReference; lastKnownFileType = text.plist.xml; path = Info.plist; sourceTree = "<group>"; };
		9001070E1C6A4125009A5D2B /* HomeViewController.swift */ = {isa = PBXFileReference; fileEncoding = 4; lastKnownFileType = sourcecode.swift; path = HomeViewController.swift; sourceTree = "<group>"; };
		9001070F1C6A4125009A5D2B /* HomeViewController.xib */ = {isa = PBXFileReference; fileEncoding = 4; lastKnownFileType = file.xib; path = HomeViewController.xib; sourceTree = "<group>"; };
		900107121C6A4506009A5D2B /* PasswordViewController.swift */ = {isa = PBXFileReference; fileEncoding = 4; lastKnownFileType = sourcecode.swift; path = PasswordViewController.swift; sourceTree = "<group>"; };
		900107131C6A4506009A5D2B /* PasswordViewController.xib */ = {isa = PBXFileReference; fileEncoding = 4; lastKnownFileType = file.xib; path = PasswordViewController.xib; sourceTree = "<group>"; };
		900107161C6BD41D009A5D2B /* LocalAuthentication.framework */ = {isa = PBXFileReference; lastKnownFileType = wrapper.framework; name = LocalAuthentication.framework; path = System/Library/Frameworks/LocalAuthentication.framework; sourceTree = SDKROOT; };
		901137B71CC847D20083C9D1 /* WelcomeViewController.swift */ = {isa = PBXFileReference; fileEncoding = 4; lastKnownFileType = sourcecode.swift; path = WelcomeViewController.swift; sourceTree = "<group>"; };
		901137B81CC847D20083C9D1 /* WelcomeViewController.xib */ = {isa = PBXFileReference; fileEncoding = 4; lastKnownFileType = file.xib; path = WelcomeViewController.xib; sourceTree = "<group>"; };
		901137C31CC8851D0083C9D1 /* Alamofire.framework */ = {isa = PBXFileReference; lastKnownFileType = wrapper.framework; name = Alamofire.framework; path = "../../../Library/Developer/Xcode/DerivedData/EffortlessAndSecureBanking-cxkpqkzgmvzrunfvpouhctbdjwbw/Build/Products/Debug-iphonesimulator/Alamofire.framework"; sourceTree = "<group>"; };
		901137C51CC885220083C9D1 /* CryptoSwift.framework */ = {isa = PBXFileReference; lastKnownFileType = wrapper.framework; name = CryptoSwift.framework; path = "../../../Library/Developer/Xcode/DerivedData/EffortlessAndSecureBanking-cxkpqkzgmvzrunfvpouhctbdjwbw/Build/Products/Debug-iphonesimulator/CryptoSwift.framework"; sourceTree = "<group>"; };
		901137C71CC885250083C9D1 /* SwiftyJSON.framework */ = {isa = PBXFileReference; lastKnownFileType = wrapper.framework; name = SwiftyJSON.framework; path = "../../../Library/Developer/Xcode/DerivedData/EffortlessAndSecureBanking-cxkpqkzgmvzrunfvpouhctbdjwbw/Build/Products/Debug-iphonesimulator/SwiftyJSON.framework"; sourceTree = "<group>"; };
		906E7FA71CBFFBDC0014C911 /* CoreLocation.framework */ = {isa = PBXFileReference; lastKnownFileType = wrapper.framework; name = CoreLocation.framework; path = System/Library/Frameworks/CoreLocation.framework; sourceTree = SDKROOT; };
		AEA0DFFBEF16C7E107FEF1FD /* Pods-EffortlessAndSecureBanking.release.xcconfig */ = {isa = PBXFileReference; includeInIndex = 1; lastKnownFileType = text.xcconfig; name = "Pods-EffortlessAndSecureBanking.release.xcconfig"; path = "Pods/Target Support Files/Pods-EffortlessAndSecureBanking/Pods-EffortlessAndSecureBanking.release.xcconfig"; sourceTree = "<group>"; };
		D544648B39177E9F77EFFF44 /* Pods-EffortlessAndSecureBanking.debug.xcconfig */ = {isa = PBXFileReference; includeInIndex = 1; lastKnownFileType = text.xcconfig; name = "Pods-EffortlessAndSecureBanking.debug.xcconfig"; path = "Pods/Target Support Files/Pods-EffortlessAndSecureBanking/Pods-EffortlessAndSecureBanking.debug.xcconfig"; sourceTree = "<group>"; };
/* End PBXFileReference section */

/* Begin PBXFrameworksBuildPhase section */
		900106DA1C6A4015009A5D2B /* Frameworks */ = {
			isa = PBXFrameworksBuildPhase;
			buildActionMask = 2147483647;
			files = (
				901137C81CC885250083C9D1 /* SwiftyJSON.framework in Frameworks */,
				901137C61CC885220083C9D1 /* CryptoSwift.framework in Frameworks */,
				901137C41CC8851D0083C9D1 /* Alamofire.framework in Frameworks */,
				906E7FA81CBFFBDC0014C911 /* CoreLocation.framework in Frameworks */,
				900107171C6BD41D009A5D2B /* LocalAuthentication.framework in Frameworks */,
				17B17A088F75201396E63662 /* Pods_EffortlessAndSecureBanking.framework in Frameworks */,
			);
			runOnlyForDeploymentPostprocessing = 0;
		};
		900106EE1C6A4015009A5D2B /* Frameworks */ = {
			isa = PBXFrameworksBuildPhase;
			buildActionMask = 2147483647;
			files = (
			);
			runOnlyForDeploymentPostprocessing = 0;
		};
		900106F91C6A4015009A5D2B /* Frameworks */ = {
			isa = PBXFrameworksBuildPhase;
			buildActionMask = 2147483647;
			files = (
			);
			runOnlyForDeploymentPostprocessing = 0;
		};
/* End PBXFrameworksBuildPhase section */

/* Begin PBXGroup section */
		775B4BDB7FC2F9789E1BB635 /* Pods */ = {
			isa = PBXGroup;
			children = (
				D544648B39177E9F77EFFF44 /* Pods-EffortlessAndSecureBanking.debug.xcconfig */,
				AEA0DFFBEF16C7E107FEF1FD /* Pods-EffortlessAndSecureBanking.release.xcconfig */,
			);
			name = Pods;
			sourceTree = "<group>";
		};
		900106D41C6A4015009A5D2B = {
			isa = PBXGroup;
			children = (
				900107161C6BD41D009A5D2B /* LocalAuthentication.framework */,
				900106DF1C6A4015009A5D2B /* EffortlessAndSecureBanking */,
				900106F41C6A4015009A5D2B /* EffortlessAndSecureBankingTests */,
				900106FF1C6A4015009A5D2B /* EffortlessAndSecureBankingUITests */,
				900106DE1C6A4015009A5D2B /* Products */,
				775B4BDB7FC2F9789E1BB635 /* Pods */,
				CF6EFD4A29939D307EB46352 /* Frameworks */,
			);
			sourceTree = "<group>";
		};
		900106DE1C6A4015009A5D2B /* Products */ = {
			isa = PBXGroup;
			children = (
				900106DD1C6A4015009A5D2B /* EffortlessAndSecureBanking.app */,
				900106F11C6A4015009A5D2B /* EffortlessAndSecureBankingTests.xctest */,
				900106FC1C6A4015009A5D2B /* EffortlessAndSecureBankingUITests.xctest */,
			);
			name = Products;
			sourceTree = "<group>";
		};
		900106DF1C6A4015009A5D2B /* EffortlessAndSecureBanking */ = {
			isa = PBXGroup;
			children = (
				900106E01C6A4015009A5D2B /* AppDelegate.swift */,
				900106E21C6A4015009A5D2B /* ViewController.swift */,
				9001070E1C6A4125009A5D2B /* HomeViewController.swift */,
				9001070F1C6A4125009A5D2B /* HomeViewController.xib */,
				900107121C6A4506009A5D2B /* PasswordViewController.swift */,
				900107131C6A4506009A5D2B /* PasswordViewController.xib */,
				901137B71CC847D20083C9D1 /* WelcomeViewController.swift */,
				901137B81CC847D20083C9D1 /* WelcomeViewController.xib */,
				900106E41C6A4015009A5D2B /* Main.storyboard */,
				900106E71C6A4015009A5D2B /* Assets.xcassets */,
				900106E91C6A4015009A5D2B /* LaunchScreen.storyboard */,
				900106EC1C6A4015009A5D2B /* Info.plist */,
			);
			path = EffortlessAndSecureBanking;
			sourceTree = "<group>";
		};
		900106F41C6A4015009A5D2B /* EffortlessAndSecureBankingTests */ = {
			isa = PBXGroup;
			children = (
				900106F51C6A4015009A5D2B /* EffortlessAndSecureBankingTests.swift */,
				900106F71C6A4015009A5D2B /* Info.plist */,
			);
			path = EffortlessAndSecureBankingTests;
			sourceTree = "<group>";
		};
		900106FF1C6A4015009A5D2B /* EffortlessAndSecureBankingUITests */ = {
			isa = PBXGroup;
			children = (
				900107001C6A4015009A5D2B /* EffortlessAndSecureBankingUITests.swift */,
				900107021C6A4015009A5D2B /* Info.plist */,
			);
			path = EffortlessAndSecureBankingUITests;
			sourceTree = "<group>";
		};
		CF6EFD4A29939D307EB46352 /* Frameworks */ = {
			isa = PBXGroup;
			children = (
				901137C71CC885250083C9D1 /* SwiftyJSON.framework */,
				901137C51CC885220083C9D1 /* CryptoSwift.framework */,
				901137C31CC8851D0083C9D1 /* Alamofire.framework */,
				906E7FA71CBFFBDC0014C911 /* CoreLocation.framework */,
				880A56E8998E73A20323679A /* Pods_EffortlessAndSecureBanking.framework */,
			);
			name = Frameworks;
			sourceTree = "<group>";
		};
/* End PBXGroup section */

/* Begin PBXNativeTarget section */
		900106DC1C6A4015009A5D2B /* EffortlessAndSecureBanking */ = {
			isa = PBXNativeTarget;
			buildConfigurationList = 900107051C6A4015009A5D2B /* Build configuration list for PBXNativeTarget "EffortlessAndSecureBanking" */;
			buildPhases = (
				FE85E4CD8F5EC3B9917979FA /* Check Pods Manifest.lock */,
				900106D91C6A4015009A5D2B /* Sources */,
				900106DA1C6A4015009A5D2B /* Frameworks */,
				900106DB1C6A4015009A5D2B /* Resources */,
				A009CCA77A34474B5624480A /* Embed Pods Frameworks */,
				04D7084FC61B6547AC9D2C91 /* Copy Pods Resources */,
			);
			buildRules = (
			);
			dependencies = (
			);
			name = EffortlessAndSecureBanking;
			productName = EffortlessAndSecureBanking;
			productReference = 900106DD1C6A4015009A5D2B /* EffortlessAndSecureBanking.app */;
			productType = "com.apple.product-type.application";
		};
		900106F01C6A4015009A5D2B /* EffortlessAndSecureBankingTests */ = {
			isa = PBXNativeTarget;
			buildConfigurationList = 900107081C6A4015009A5D2B /* Build configuration list for PBXNativeTarget "EffortlessAndSecureBankingTests" */;
			buildPhases = (
				900106ED1C6A4015009A5D2B /* Sources */,
				900106EE1C6A4015009A5D2B /* Frameworks */,
				900106EF1C6A4015009A5D2B /* Resources */,
			);
			buildRules = (
			);
			dependencies = (
				900106F31C6A4015009A5D2B /* PBXTargetDependency */,
			);
			name = EffortlessAndSecureBankingTests;
			productName = EffortlessAndSecureBankingTests;
			productReference = 900106F11C6A4015009A5D2B /* EffortlessAndSecureBankingTests.xctest */;
			productType = "com.apple.product-type.bundle.unit-test";
		};
		900106FB1C6A4015009A5D2B /* EffortlessAndSecureBankingUITests */ = {
			isa = PBXNativeTarget;
			buildConfigurationList = 9001070B1C6A4015009A5D2B /* Build configuration list for PBXNativeTarget "EffortlessAndSecureBankingUITests" */;
			buildPhases = (
				900106F81C6A4015009A5D2B /* Sources */,
				900106F91C6A4015009A5D2B /* Frameworks */,
				900106FA1C6A4015009A5D2B /* Resources */,
			);
			buildRules = (
			);
			dependencies = (
				900106FE1C6A4015009A5D2B /* PBXTargetDependency */,
			);
			name = EffortlessAndSecureBankingUITests;
			productName = EffortlessAndSecureBankingUITests;
			productReference = 900106FC1C6A4015009A5D2B /* EffortlessAndSecureBankingUITests.xctest */;
			productType = "com.apple.product-type.bundle.ui-testing";
		};
/* End PBXNativeTarget section */

/* Begin PBXProject section */
		900106D51C6A4015009A5D2B /* Project object */ = {
			isa = PBXProject;
			attributes = {
				LastSwiftUpdateCheck = 0720;
				LastUpgradeCheck = 0720;
				ORGANIZATIONNAME = jasminelu;
				TargetAttributes = {
					900106DC1C6A4015009A5D2B = {
						CreatedOnToolsVersion = 7.2.1;
						DevelopmentTeam = 6TYAA8JLVM;
					};
					900106F01C6A4015009A5D2B = {
						CreatedOnToolsVersion = 7.2.1;
						DevelopmentTeam = 6TYAA8JLVM;
						TestTargetID = 900106DC1C6A4015009A5D2B;
					};
					900106FB1C6A4015009A5D2B = {
						CreatedOnToolsVersion = 7.2.1;
						DevelopmentTeam = 6TYAA8JLVM;
						TestTargetID = 900106DC1C6A4015009A5D2B;
					};
				};
			};
			buildConfigurationList = 900106D81C6A4015009A5D2B /* Build configuration list for PBXProject "EffortlessAndSecureBanking" */;
			compatibilityVersion = "Xcode 3.2";
			developmentRegion = English;
			hasScannedForEncodings = 0;
			knownRegions = (
				en,
				Base,
			);
			mainGroup = 900106D41C6A4015009A5D2B;
			productRefGroup = 900106DE1C6A4015009A5D2B /* Products */;
			projectDirPath = "";
			projectRoot = "";
			targets = (
				900106DC1C6A4015009A5D2B /* EffortlessAndSecureBanking */,
				900106F01C6A4015009A5D2B /* EffortlessAndSecureBankingTests */,
				900106FB1C6A4015009A5D2B /* EffortlessAndSecureBankingUITests */,
			);
		};
/* End PBXProject section */

/* Begin PBXResourcesBuildPhase section */
		900106DB1C6A4015009A5D2B /* Resources */ = {
			isa = PBXResourcesBuildPhase;
			buildActionMask = 2147483647;
			files = (
				900106EB1C6A4015009A5D2B /* LaunchScreen.storyboard in Resources */,
				900106E81C6A4015009A5D2B /* Assets.xcassets in Resources */,
				900106E61C6A4015009A5D2B /* Main.storyboard in Resources */,
				900107111C6A4125009A5D2B /* HomeViewController.xib in Resources */,
				900107151C6A4506009A5D2B /* PasswordViewController.xib in Resources */,
				901137BA1CC847D20083C9D1 /* WelcomeViewController.xib in Resources */,
			);
			runOnlyForDeploymentPostprocessing = 0;
		};
		900106EF1C6A4015009A5D2B /* Resources */ = {
			isa = PBXResourcesBuildPhase;
			buildActionMask = 2147483647;
			files = (
			);
			runOnlyForDeploymentPostprocessing = 0;
		};
		900106FA1C6A4015009A5D2B /* Resources */ = {
			isa = PBXResourcesBuildPhase;
			buildActionMask = 2147483647;
			files = (
			);
			runOnlyForDeploymentPostprocessing = 0;
		};
/* End PBXResourcesBuildPhase section */

/* Begin PBXShellScriptBuildPhase section */
		04D7084FC61B6547AC9D2C91 /* Copy Pods Resources */ = {
			isa = PBXShellScriptBuildPhase;
			buildActionMask = 2147483647;
			files = (
			);
			inputPaths = (
			);
			name = "Copy Pods Resources";
			outputPaths = (
			);
			runOnlyForDeploymentPostprocessing = 0;
			shellPath = /bin/sh;
			shellScript = "\"${SRCROOT}/Pods/Target Support Files/Pods-EffortlessAndSecureBanking/Pods-EffortlessAndSecureBanking-resources.sh\"\n";
			showEnvVarsInLog = 0;
		};
		A009CCA77A34474B5624480A /* Embed Pods Frameworks */ = {
			isa = PBXShellScriptBuildPhase;
			buildActionMask = 2147483647;
			files = (
			);
			inputPaths = (
			);
			name = "Embed Pods Frameworks";
			outputPaths = (
			);
			runOnlyForDeploymentPostprocessing = 0;
			shellPath = /bin/sh;
			shellScript = "\"${SRCROOT}/Pods/Target Support Files/Pods-EffortlessAndSecureBanking/Pods-EffortlessAndSecureBanking-frameworks.sh\"\n";
			showEnvVarsInLog = 0;
		};
		FE85E4CD8F5EC3B9917979FA /* Check Pods Manifest.lock */ = {
			isa = PBXShellScriptBuildPhase;
			buildActionMask = 2147483647;
			files = (
			);
			inputPaths = (
			);
			name = "Check Pods Manifest.lock";
			outputPaths = (
			);
			runOnlyForDeploymentPostprocessing = 0;
			shellPath = /bin/sh;
			shellScript = "diff \"${PODS_ROOT}/../Podfile.lock\" \"${PODS_ROOT}/Manifest.lock\" > /dev/null\nif [[ $? != 0 ]] ; then\n    cat << EOM\nerror: The sandbox is not in sync with the Podfile.lock. Run 'pod install' or update your CocoaPods installation.\nEOM\n    exit 1\nfi\n";
			showEnvVarsInLog = 0;
		};
/* End PBXShellScriptBuildPhase section */

/* Begin PBXSourcesBuildPhase section */
		900106D91C6A4015009A5D2B /* Sources */ = {
			isa = PBXSourcesBuildPhase;
			buildActionMask = 2147483647;
			files = (
				900106E31C6A4015009A5D2B /* ViewController.swift in Sources */,
				901137B91CC847D20083C9D1 /* WelcomeViewController.swift in Sources */,
				900107141C6A4506009A5D2B /* PasswordViewController.swift in Sources */,
				900106E11C6A4015009A5D2B /* AppDelegate.swift in Sources */,
				900107101C6A4125009A5D2B /* HomeViewController.swift in Sources */,
			);
			runOnlyForDeploymentPostprocessing = 0;
		};
		900106ED1C6A4015009A5D2B /* Sources */ = {
			isa = PBXSourcesBuildPhase;
			buildActionMask = 2147483647;
			files = (
				900106F61C6A4015009A5D2B /* EffortlessAndSecureBankingTests.swift in Sources */,
			);
			runOnlyForDeploymentPostprocessing = 0;
		};
		900106F81C6A4015009A5D2B /* Sources */ = {
			isa = PBXSourcesBuildPhase;
			buildActionMask = 2147483647;
			files = (
				900107011C6A4015009A5D2B /* EffortlessAndSecureBankingUITests.swift in Sources */,
			);
			runOnlyForDeploymentPostprocessing = 0;
		};
/* End PBXSourcesBuildPhase section */

/* Begin PBXTargetDependency section */
		900106F31C6A4015009A5D2B /* PBXTargetDependency */ = {
			isa = PBXTargetDependency;
			target = 900106DC1C6A4015009A5D2B /* EffortlessAndSecureBanking */;
			targetProxy = 900106F21C6A4015009A5D2B /* PBXContainerItemProxy */;
		};
		900106FE1C6A4015009A5D2B /* PBXTargetDependency */ = {
			isa = PBXTargetDependency;
			target = 900106DC1C6A4015009A5D2B /* EffortlessAndSecureBanking */;
			targetProxy = 900106FD1C6A4015009A5D2B /* PBXContainerItemProxy */;
		};
/* End PBXTargetDependency section */

/* Begin PBXVariantGroup section */
		900106E41C6A4015009A5D2B /* Main.storyboard */ = {
			isa = PBXVariantGroup;
			children = (
				900106E51C6A4015009A5D2B /* Base */,
			);
			name = Main.storyboard;
			sourceTree = "<group>";
		};
		900106E91C6A4015009A5D2B /* LaunchScreen.storyboard */ = {
			isa = PBXVariantGroup;
			children = (
				900106EA1C6A4015009A5D2B /* Base */,
			);
			name = LaunchScreen.storyboard;
			sourceTree = "<group>";
		};
/* End PBXVariantGroup section */

/* Begin XCBuildConfiguration section */
		900107031C6A4015009A5D2B /* Debug */ = {
			isa = XCBuildConfiguration;
			buildSettings = {
				ALWAYS_SEARCH_USER_PATHS = NO;
				CLANG_CXX_LANGUAGE_STANDARD = "gnu++0x";
				CLANG_CXX_LIBRARY = "libc++";
				CLANG_ENABLE_MODULES = YES;
				CLANG_ENABLE_OBJC_ARC = YES;
				CLANG_WARN_BOOL_CONVERSION = YES;
				CLANG_WARN_CONSTANT_CONVERSION = YES;
				CLANG_WARN_DIRECT_OBJC_ISA_USAGE = YES_ERROR;
				CLANG_WARN_EMPTY_BODY = YES;
				CLANG_WARN_ENUM_CONVERSION = YES;
				CLANG_WARN_INT_CONVERSION = YES;
				CLANG_WARN_OBJC_ROOT_CLASS = YES_ERROR;
				CLANG_WARN_UNREACHABLE_CODE = YES;
				CLANG_WARN__DUPLICATE_METHOD_MATCH = YES;
				"CODE_SIGN_IDENTITY[sdk=iphoneos*]" = "iPhone Developer";
				COPY_PHASE_STRIP = NO;
				DEBUG_INFORMATION_FORMAT = dwarf;
				ENABLE_STRICT_OBJC_MSGSEND = YES;
				ENABLE_TESTABILITY = YES;
				GCC_C_LANGUAGE_STANDARD = gnu99;
				GCC_DYNAMIC_NO_PIC = NO;
				GCC_NO_COMMON_BLOCKS = YES;
				GCC_OPTIMIZATION_LEVEL = 0;
				GCC_PREPROCESSOR_DEFINITIONS = (
					"DEBUG=1",
					"$(inherited)",
				);
				GCC_WARN_64_TO_32_BIT_CONVERSION = YES;
				GCC_WARN_ABOUT_RETURN_TYPE = YES_ERROR;
				GCC_WARN_UNDECLARED_SELECTOR = YES;
				GCC_WARN_UNINITIALIZED_AUTOS = YES_AGGRESSIVE;
				GCC_WARN_UNUSED_FUNCTION = YES;
				GCC_WARN_UNUSED_VARIABLE = YES;
				IPHONEOS_DEPLOYMENT_TARGET = 9.2;
				MTL_ENABLE_DEBUG_INFO = YES;
				ONLY_ACTIVE_ARCH = YES;
				SDKROOT = iphoneos;
				SWIFT_OPTIMIZATION_LEVEL = "-Onone";
			};
			name = Debug;
		};
		900107041C6A4015009A5D2B /* Release */ = {
			isa = XCBuildConfiguration;
			buildSettings = {
				ALWAYS_SEARCH_USER_PATHS = NO;
				CLANG_CXX_LANGUAGE_STANDARD = "gnu++0x";
				CLANG_CXX_LIBRARY = "libc++";
				CLANG_ENABLE_MODULES = YES;
				CLANG_ENABLE_OBJC_ARC = YES;
				CLANG_WARN_BOOL_CONVERSION = YES;
				CLANG_WARN_CONSTANT_CONVERSION = YES;
				CLANG_WARN_DIRECT_OBJC_ISA_USAGE = YES_ERROR;
				CLANG_WARN_EMPTY_BODY = YES;
				CLANG_WARN_ENUM_CONVERSION = YES;
				CLANG_WARN_INT_CONVERSION = YES;
				CLANG_WARN_OBJC_ROOT_CLASS = YES_ERROR;
				CLANG_WARN_UNREACHABLE_CODE = YES;
				CLANG_WARN__DUPLICATE_METHOD_MATCH = YES;
				"CODE_SIGN_IDENTITY[sdk=iphoneos*]" = "iPhone Developer";
				COPY_PHASE_STRIP = NO;
				DEBUG_INFORMATION_FORMAT = "dwarf-with-dsym";
				ENABLE_NS_ASSERTIONS = NO;
				ENABLE_STRICT_OBJC_MSGSEND = YES;
				GCC_C_LANGUAGE_STANDARD = gnu99;
				GCC_NO_COMMON_BLOCKS = YES;
				GCC_WARN_64_TO_32_BIT_CONVERSION = YES;
				GCC_WARN_ABOUT_RETURN_TYPE = YES_ERROR;
				GCC_WARN_UNDECLARED_SELECTOR = YES;
				GCC_WARN_UNINITIALIZED_AUTOS = YES_AGGRESSIVE;
				GCC_WARN_UNUSED_FUNCTION = YES;
				GCC_WARN_UNUSED_VARIABLE = YES;
				IPHONEOS_DEPLOYMENT_TARGET = 9.2;
				MTL_ENABLE_DEBUG_INFO = NO;
				SDKROOT = iphoneos;
				VALIDATE_PRODUCT = YES;
			};
			name = Release;
		};
		900107061C6A4015009A5D2B /* Debug */ = {
			isa = XCBuildConfiguration;
			baseConfigurationReference = D544648B39177E9F77EFFF44 /* Pods-EffortlessAndSecureBanking.debug.xcconfig */;
			buildSettings = {
				ASSETCATALOG_COMPILER_APPICON_NAME = AppIcon;
				FRAMEWORK_SEARCH_PATHS = "$(SRCROOT)/**";
				INFOPLIST_FILE = EffortlessAndSecureBanking/Info.plist;
				LD_RUNPATH_SEARCH_PATHS = "$(inherited) @executable_path/Frameworks";
				PRODUCT_BUNDLE_IDENTIFIER = uk.ac.ucl.advances.faculty.cs.EffortlessAndSecureBanking;
				PRODUCT_NAME = "$(TARGET_NAME)";
				SWIFT_INCLUDE_PATHS = "$(SRCROOT)/.build/debug";
			};
			name = Debug;
		};
		900107071C6A4015009A5D2B /* Release */ = {
			isa = XCBuildConfiguration;
			baseConfigurationReference = AEA0DFFBEF16C7E107FEF1FD /* Pods-EffortlessAndSecureBanking.release.xcconfig */;
			buildSettings = {
				ASSETCATALOG_COMPILER_APPICON_NAME = AppIcon;
				FRAMEWORK_SEARCH_PATHS = "$(SRCROOT)/**";
				INFOPLIST_FILE = EffortlessAndSecureBanking/Info.plist;
				LD_RUNPATH_SEARCH_PATHS = "$(inherited) @executable_path/Frameworks";
				PRODUCT_BUNDLE_IDENTIFIER = uk.ac.ucl.advances.faculty.cs.EffortlessAndSecureBanking;
				PRODUCT_NAME = "$(TARGET_NAME)";
				SWIFT_INCLUDE_PATHS = "$(SRCROOT)/.build/release";
			};
			name = Release;
		};
		900107091C6A4015009A5D2B /* Debug */ = {
			isa = XCBuildConfiguration;
			buildSettings = {
				BUNDLE_LOADER = "$(TEST_HOST)";
				INFOPLIST_FILE = EffortlessAndSecureBankingTests/Info.plist;
				LD_RUNPATH_SEARCH_PATHS = "$(inherited) @executable_path/Frameworks @loader_path/Frameworks";
				PRODUCT_BUNDLE_IDENTIFIER = com.jasminelu.EffortlessAndSecureBankingTests;
				PRODUCT_NAME = "$(TARGET_NAME)";
				TEST_HOST = "$(BUILT_PRODUCTS_DIR)/EffortlessAndSecureBanking.app/EffortlessAndSecureBanking";
			};
			name = Debug;
		};
		9001070A1C6A4015009A5D2B /* Release */ = {
			isa = XCBuildConfiguration;
			buildSettings = {
				BUNDLE_LOADER = "$(TEST_HOST)";
				INFOPLIST_FILE = EffortlessAndSecureBankingTests/Info.plist;
				LD_RUNPATH_SEARCH_PATHS = "$(inherited) @executable_path/Frameworks @loader_path/Frameworks";
				PRODUCT_BUNDLE_IDENTIFIER = com.jasminelu.EffortlessAndSecureBankingTests;
				PRODUCT_NAME = "$(TARGET_NAME)";
				TEST_HOST = "$(BUILT_PRODUCTS_DIR)/EffortlessAndSecureBanking.app/EffortlessAndSecureBanking";
			};
			name = Release;
		};
		9001070C1C6A4015009A5D2B /* Debug */ = {
			isa = XCBuildConfiguration;
			buildSettings = {
				INFOPLIST_FILE = EffortlessAndSecureBankingUITests/Info.plist;
				LD_RUNPATH_SEARCH_PATHS = "$(inherited) @executable_path/Frameworks @loader_path/Frameworks";
				PRODUCT_BUNDLE_IDENTIFIER = com.jasminelu.EffortlessAndSecureBankingUITests;
				PRODUCT_NAME = "$(TARGET_NAME)";
				TEST_TARGET_NAME = EffortlessAndSecureBanking;
				USES_XCTRUNNER = YES;
			};
			name = Debug;
		};
		9001070D1C6A4015009A5D2B /* Release */ = {
			isa = XCBuildConfiguration;
			buildSettings = {
				INFOPLIST_FILE = EffortlessAndSecureBankingUITests/Info.plist;
				LD_RUNPATH_SEARCH_PATHS = "$(inherited) @executable_path/Frameworks @loader_path/Frameworks";
				PRODUCT_BUNDLE_IDENTIFIER = com.jasminelu.EffortlessAndSecureBankingUITests;
				PRODUCT_NAME = "$(TARGET_NAME)";
				TEST_TARGET_NAME = EffortlessAndSecureBanking;
				USES_XCTRUNNER = YES;
			};
			name = Release;
		};
/* End XCBuildConfiguration section */

/* Begin XCConfigurationList section */
		900106D81C6A4015009A5D2B /* Build configuration list for PBXProject "EffortlessAndSecureBanking" */ = {
			isa = XCConfigurationList;
			buildConfigurations = (
				900107031C6A4015009A5D2B /* Debug */,
				900107041C6A4015009A5D2B /* Release */,
			);
			defaultConfigurationIsVisible = 0;
			defaultConfigurationName = Release;
		};
		900107051C6A4015009A5D2B /* Build configuration list for PBXNativeTarget "EffortlessAndSecureBanking" */ = {
			isa = XCConfigurationList;
			buildConfigurations = (
				900107061C6A4015009A5D2B /* Debug */,
				900107071C6A4015009A5D2B /* Release */,
			);
			defaultConfigurationIsVisible = 0;
			defaultConfigurationName = Release;
		};
		900107081C6A4015009A5D2B /* Build configuration list for PBXNativeTarget "EffortlessAndSecureBankingTests" */ = {
			isa = XCConfigurationList;
			buildConfigurations = (
				900107091C6A4015009A5D2B /* Debug */,
				9001070A1C6A4015009A5D2B /* Release */,
			);
			defaultConfigurationIsVisible = 0;
			defaultConfigurationName = Release;
		};
		9001070B1C6A4015009A5D2B /* Build configuration list for PBXNativeTarget "EffortlessAndSecureBankingUITests" */ = {
			isa = XCConfigurationList;
			buildConfigurations = (
				9001070C1C6A4015009A5D2B /* Debug */,
				9001070D1C6A4015009A5D2B /* Release */,
			);
			defaultConfigurationIsVisible = 0;
			defaultConfigurationName = Release;
		};
/* End XCConfigurationList section */
	};
	rootObject = 900106D51C6A4015009A5D2B /* Project object */;
}
